GEM
  remote: https://rubygems.org/
  specs:
    activesupport (6.1.4.1)
      concurrent-ruby (~> 1.0, >= 1.0.2)
      i18n (>= 1.6, < 2)
      minitest (>= 5.1)
      tzinfo (~> 2.0)
      zeitwerk (~> 2.3)
    addressable (2.8.0)
      public_suffix (>= 2.0.2, < 5.0)
    algolia (2.3.4)
      faraday (>= 0.15, < 3)
      faraday-net_http_persistent (>= 0.15, < 3)
      multi_json (~> 1.0)
      net-http-persistent
    arr-pm (0.0.11)
      cabin (> 0)
    asciidoctor (2.0.16)
    asciimath (2.0.3)
    asciimath2unitsml (0.4.0)
      asciimath
      htmlentities
      nokogiri (~> 1.11)
      rsec (~> 1.0.0)
    base64 (0.3.0)
    bcp47_spec (0.2.1)
    bibtex-ruby (6.0.0)
      latex-decode (~> 0.0)
    bigdecimal (3.3.1)
    builder (3.3.0)
    cabin (0.9.0)
    camertron-eprun (1.1.1)
    canon (0.2.8)
      diff-lcs
      json
      moxml
      nokogiri
      paint
      rainbow
      table_tennis
      thor
      unicode-name
    cldr-plurals-runtime-rb (1.1.0)
    cliver (0.3.2)
    cnccs (0.1.6)
    coderay (1.1.3)
    concurrent-ruby (1.1.9)
    connection_pool (2.2.5)
    css_parser (1.10.0)
      addressable
    csv (3.3.5)
    date (3.5.1)
    descriptive_statistics (2.5.1)
    diff-lcs (2.0.0)
    domain_name (0.5.20190701)
      unf (>= 0.0.5, < 1.0.0)
    down (5.2.4)
      addressable (~> 2.8)
    ebnf (2.6.0)
      base64 (~> 0.2)
      htmlentities (~> 4.3)
      rdf (~> 3.3)
      scanf (~> 1.0)
      sxp (~> 2.0)
      unicode-types (~> 1.8)
    emf2svg (1.4.3-x86_64-darwin)
      ffi (~> 1.0)
    emf2svg (1.4.3-x86_64-linux)
      ffi (~> 1.0)
    excavate (0.3.6)
      arr-pm (~> 0.0)
      bundler (~> 2.3, >= 2.3.24)
      ffi-compiler2 (= 2.0.1)
      ffi-libarchive-binary (~> 0.3)
      libmspack (~> 0.1)
      ruby-ole (~> 1.0)
      rubyzip (~> 2.3)
      seven-zip (~> 1.4)
      thor (~> 1.0)
    expressir (1.0.0)
      rice (~> 3)
      thor (~> 1.0)
    expressir (1.0.0-x86_64-darwin)
      thor (~> 1.0)
    extract_ttc (0.1.0)
      ffi
    faraday (2.7.12)
      base64
      faraday-net_http (>= 2.0, < 3.1)
      ruby2_keywords (>= 0.0.4)
    faraday-follow_redirects (0.5.0)
      faraday (>= 1, < 3)
    faraday-net_http (3.0.2)
    faraday-net_http_persistent (2.3.1)
      faraday (~> 2.5)
      net-http-persistent (>= 4.0.4, < 5)
    ffi (1.17.4-x86_64-darwin)
    ffi (1.17.4-x86_64-linux-gnu)
    ffi-compiler2 (2.0.1)
      ffi (>= 1.0.0)
      rake
    ffi-libarchive (1.0.17)
      ffi (~> 1.0)
    ffi-libarchive-binary (0.5.3-x86_64-darwin)
      ffi (~> 1.0)
      ffi-libarchive (~> 1.0)
      rake (~> 13.0)
    ffi-libarchive-binary (0.5.3-x86_64-linux)
      ffi (~> 1.0)
      ffi-libarchive (~> 1.0)
      rake (~> 13.0)
    fiber-storage (1.0.1)
    fontist (1.15.1)
      down (~> 5.0)
      excavate (~> 0.3)
      extract_ttc (~> 0.1)
      git (~> 1.0)
      mime-types (~> 3.0)
      nokogiri (~> 1.0)
      plist (~> 3.0)
      socksify (~> 1.7)
      sys-uname (~> 1.2)
      thor (~> 1.0.1)
      ttfunk (~> 1.6)
    gb-agencies (0.0.7)
    git (1.9.1)
      rchardet (~> 1.8)
    graphql (2.6.1)
      base64
      fiber-storage
      logger
    graphql-client (0.26.0)
      activesupport (>= 3.0)
      graphql (>= 1.13.0)
    haml (6.4.0)
      temple (>= 0.8.2)
      thor
      tilt
    hamster (3.0.0)
      concurrent-ruby (~> 1.0)
    hashie (4.1.0)
    hollaback (0.1.0)
    html2doc (1.4.5)
      asciimath (~> 2.0.2)
      htmlentities (~> 4.3.4)
      image_size (>= 3.2.0)
      mime-types
      nokogiri (~> 1.13)
      plane1converter (~> 0.0.1)
      thread_safe
      uuidtools
    htmlentities (4.3.4)
    http-cookie (1.0.4)
      domain_name (~> 0.5)
    i18n (1.8.10)
      concurrent-ruby (~> 1.0)
    ieee-idams (0.3.0)
      lutaml-model (~> 0.8.0)
      nokogiri
      thor
    iev (0.3.1)
      nokogiri (~> 1)
    image_size (3.5.0)
    io-console (0.8.2)
    iso-639 (0.3.5)
    iso639 (1.3.2)
    isodoc (2.1.5)
      asciimath
      emf2svg
      html2doc (~> 1.4.1)
      htmlentities (~> 4.3.4)
      isodoc-i18n (~> 1.0.0)
      liquid (~> 4)
      mathml2asciimath
      metanorma-utils
      relaton-cli
      relaton-render (>= 0.3.1)
      roman-numerals
      thread_safe
      twitter_cldr (>= 6.6.0)
      uuidtools
    isodoc-i18n (1.0.5)
      htmlentities (~> 4.3.4)
      metanorma-utils (~> 1.2.8)
      twitter_cldr
    isoics (0.1.10)
    json (2.19.5)
    json-canonicalization (1.0.0)
    json-ld (3.3.2)
      htmlentities (~> 4.3)
      json-canonicalization (~> 1.0)
      link_header (~> 0.0, >= 0.0.8)
      multi_json (~> 1.15)
      rack (>= 2.2, < 4)
      rdf (~> 3.3)
      rexml (~> 3.2)
    json-ld-preloaded (3.3.2)
      json-ld (~> 3.3)
      rdf (~> 3.3)
    latex-decode (0.3.2)
    latexmath (0.1.5)
      htmlentities (~> 4.3)
      ox (~> 2.13)
    ld-patch (3.3.1)
      ebnf (~> 2.6)
      rdf (~> 3.3)
      rdf-xsd (~> 3.3)
      sparql (~> 3.3)
      sxp (~> 2.0)
    libmspack (0.10.1)
      ffi
      ffi-compiler2 (>= 2.0.0)
    lightly (0.4.0)
    link_header (0.0.8)
    linkeddata (3.3.3)
      json-ld (~> 3.3, >= 3.3.2)
      json-ld-preloaded (~> 3.3, >= 3.3.1)
      ld-patch (~> 3.3, >= 3.3.1)
      nokogiri (~> 1.18, >= 1.18.8)
      rdf (~> 3.3, >= 3.3.2)
      rdf-aggregate-repo (~> 3.3)
      rdf-hamster-repo (~> 3.3)
      rdf-isomorphic (~> 3.3)
      rdf-json (~> 3.3)
      rdf-microdata (~> 3.3)
      rdf-n3 (~> 3.3, >= 3.3.1)
      rdf-normalize (~> 0.7)
      rdf-ordered-repo (~> 3.3)
      rdf-rdfa (~> 3.3)
      rdf-rdfxml (~> 3.3)
      rdf-reasoner (~> 0.9)
      rdf-tabular (~> 3.3)
      rdf-trig (~> 3.3)
      rdf-trix (~> 3.3)
      rdf-turtle (~> 3.3, >= 3.3.1)
      rdf-vocab (~> 3.3, >= 3.3.2)
      rdf-xsd (~> 3.3)
      shacl (~> 0.4, >= 0.4.2)
      shex (~> 0.8, >= 0.8.1)
      sparql (~> 3.3, >= 3.3.2)
      sparql-client (~> 3.3)
      yaml-ld (~> 0.0, >= 0.0.3)
    liquid (4.0.3)
    loc_mods (0.3.0)
      lutaml-model (~> 0.8.0)
      nokogiri
      thor
    logger (1.7.0)
    lutaml (0.7.4)
      lutaml-express
      lutaml-uml
      lutaml-xmi
      nokogiri (~> 1.10)
      thor (~> 1.0)
    lutaml-express (0.2.0)
      expressir (~> 1.0.0)
    lutaml-hal (0.1.10)
      faraday (~> 2.0)
      faraday-follow_redirects (~> 0.3)
      lutaml-model
      rainbow (~> 3.0)
    lutaml-model (0.8.5)
      base64
      bigdecimal
      canon
      concurrent-ruby
      liquid (>= 4.0, < 6.0)
      moxml (>= 0.1.16)
      ostruct
      rubyzip (~> 2.3)
      thor
    lutaml-uml (0.4.1)
      hashie (~> 4.1.0)
      nokogiri (~> 1.10)
      parslet (~> 2.0.0)
      ruby-graphviz (~> 1.2)
      thor (~> 1.0)
    lutaml-xmi (0.2.2)
      hashie (~> 4.1.0)
      htmlentities
      lutaml-uml
      nokogiri (~> 1.10)
      thor (~> 1.0)
    marcel (1.0.1)
    mathml2asciimath (0.0.11)
      htmlentities (~> 4.3.4)
      nokogiri (~> 1.11)
    matrix (0.4.3)
    mechanize (2.14.0)
      addressable (~> 2.8)
      base64
      domain_name (~> 0.5, >= 0.5.20190701)
      http-cookie (~> 1.0, >= 1.0.3)
      mime-types (~> 3.3)
      net-http-digest_auth (~> 1.4, >= 1.4.1)
      net-http-persistent (>= 2.5.2, < 5.0.dev)
      nkf
      nokogiri (~> 1.11, >= 1.11.2)
      rubyntlm (~> 0.6, >= 0.6.3)
      webrick (~> 1.7)
      webrobots (~> 0.1.2)
    memo_wise (1.13.0)
    memoist3 (1.0.0)
    metanorma (1.4.12)
      asciidoctor
      fontist (>= 1.14)
      htmlentities
      metanorma-utils (~> 1.2.0)
      mn2pdf (~> 1)
      nokogiri
      pry
    metanorma-bipm (2.1.5)
      metanorma-generic (~> 2.1.0)
      metanorma-iso (~> 2.1.0)
    metanorma-cc (2.1.5)
      metanorma-generic (~> 2.1.1)
    metanorma-cli (1.5.20)
      git (~> 1.5)
      isodoc (>= 2.1.1)
      metanorma (~> 1.4.0)
      metanorma-bipm (~> 2.1.0)
      metanorma-cc (~> 2.1.0)
      metanorma-csa (~> 2.1.0)
      metanorma-generic (~> 2.1.0)
      metanorma-iec (~> 2.1.0)
      metanorma-ieee (~> 0.0.1)
      metanorma-ietf (~> 3.0.0)
      metanorma-iho (~> 0.6.0)
      metanorma-iso (~> 2.1.0)
      metanorma-itu (~> 2.1.0)
      metanorma-m3aawg (~> 2.1.0)
      metanorma-ogc (~> 2.1.0)
      metanorma-standoc (~> 2.1.1)
      metanorma-un (~> 0.9.0)
      mnconvert
      relaton-cli (>= 0.8.2)
      socksify
      thor (~> 1.0)
    metanorma-csa (2.1.5)
      metanorma-generic (~> 2.1.1)
    metanorma-generic (2.1.3)
      htmlentities (~> 4.3.4)
      metanorma-standoc (~> 2.1.0)
      ruby-jing
    metanorma-iec (2.1.5)
      metanorma-iso (~> 2.1.1)
      ruby-jing
    metanorma-ieee (0.0.3)
      metanorma-standoc (~> 2.1.0)
    metanorma-ietf (3.0.8)
      mathml2asciimath
      metanorma-ietf-data
      metanorma-standoc (~> 2.1.0)
    metanorma-ietf-data (0.2.0)
    metanorma-iho (0.6.5)
      metanorma-generic (~> 2.1.1)
    metanorma-iso (2.1.5)
      metanorma-standoc (~> 2.1.0)
      mnconvert (~> 1.14)
      ruby-jing
      tokenizer (~> 0.3.0)
      twitter_cldr
    metanorma-itu (2.1.5.1)
      htmlentities (~> 4.3.4)
      metanorma-standoc (~> 2.1.0)
      ruby-jing
      twitter_cldr (>= 3.0.0)
      tzinfo-data
    metanorma-m3aawg (2.1.5)
      htmlentities (~> 4.3.4)
      metanorma-generic (~> 2.1.1)
      thread_safe
    metanorma-ogc (2.1.5)
      iso-639
      metanorma-standoc (~> 2.1.0)
    metanorma-plugin-datastruct (0.2.4)
      asciidoctor (~> 2.0.0)
      isodoc
      relaton-cli
    metanorma-plugin-lutaml (0.4.9)
      liquid
      lutaml
      metanorma
      relaton-cli
      reverse_adoc
    metanorma-standoc (2.1.2)
      asciidoctor (~> 2.0.0)
      asciimath2unitsml (~> 0.4.0)
      concurrent-ruby
      iev (~> 0.3.0)
      isodoc (~> 2.1.0)
      latexmath
      mathml2asciimath
      metanorma-plugin-datastruct (~> 0.2.0)
      metanorma-plugin-lutaml
      metanorma-utils (~> 1.2.8)
      relaton-cli (~> 1.9.0)
      relaton-iev (~> 1.1.0)
      ruby-jing
      unicode2latex (~> 0.0.1)
    metanorma-un (0.9.5)
      iso-639
      metanorma-standoc (~> 2.1.0)
      roman-numerals
      twitter_cldr
    metanorma-utils (1.2.9)
      asciidoctor (>= 2)
      concurrent-ruby
      htmlentities (~> 4.3.4)
      marcel (~> 1.0.0)
      mime-types
      nokogiri (>= 1.11)
      sterile (~> 1.0.14)
      uuidtools
    method_source (1.0.0)
    mime-types (3.3.1)
      mime-types-data (~> 3.2015)
    mime-types-data (3.2021.0901)
    mini_portile2 (2.8.9)
    minitest (5.14.4)
    mn2pdf (1.36)
    mnconvert (1.84.0)
    moxml (0.1.20)
    multi_json (1.15.0)
    net-ftp (0.1.4)
      net-protocol
      time
    net-http-digest_auth (1.4.1)
    net-http-persistent (4.0.8)
      connection_pool (>= 2.2.4, < 4)
    net-protocol (0.2.2)
      timeout
    nkf (0.2.0)
    nokogiri (1.19.3-x86_64-darwin)
      racc (~> 1.4)
    nokogiri (1.19.3-x86_64-linux-gnu)
      racc (~> 1.4)
    nokogiri-styles (0.1.2)
      nokogiri
    openssl (3.3.2)
    optout (0.0.2)
    ostruct (0.6.3)
    ox (2.14.5)
    paint (2.3.0)
    parallel (1.28.0)
    parslet (2.0.0)
    plane1converter (0.0.1)
    plist (3.7.2)
    premailer (1.11.1)
      addressable
      css_parser (>= 1.6.0)
      htmlentities (>= 4.0.0)
    pry (0.14.1)
      coderay (~> 1.1)
      method_source (~> 1.0)
    psych (5.2.6)
      date
      stringio
    pubid (1.15.17)
      pubid-bsi (= 1.15.17)
      pubid-ccsds (= 1.15.17)
      pubid-cen (= 1.15.17)
      pubid-core (= 1.15.17)
      pubid-etsi (= 1.15.17)
      pubid-iec (= 1.15.17)
      pubid-ieee (= 1.15.17)
      pubid-iho (= 1.15.17)
      pubid-iso (= 1.15.17)
      pubid-itu (= 1.15.17)
      pubid-jis (= 1.15.17)
      pubid-nist (= 1.15.17)
      pubid-plateau (= 1.15.17)
    pubid-bsi (1.15.17)
      parslet
      pubid-cen (= 1.15.17)
      pubid-core (= 1.15.17)
      pubid-iec (= 1.15.17)
      pubid-iso (= 1.15.17)
    pubid-ccsds (1.15.17)
      parslet
      pubid-core (= 1.15.17)
    pubid-cen (1.15.17)
      parslet
      pubid-core (= 1.15.17)
      pubid-iec (= 1.15.17)
      pubid-iso (= 1.15.17)
    pubid-core (1.15.17)
      parslet
    pubid-etsi (1.15.17)
      parslet
      pubid-core (= 1.15.17)
    pubid-iec (1.15.17)
      parslet
      pubid-core (= 1.15.17)
    pubid-ieee (1.15.17)
      parslet (~> 2.0.0)
      pubid-iso (= 1.15.17)
    pubid-iho (1.15.17)
      parslet
      pubid-core (= 1.15.17)
    pubid-iso (1.15.17)
      parslet
      pubid-core (= 1.15.17)
    pubid-itu (1.15.17)
      parslet
      pubid-core (= 1.15.17)
    pubid-jis (1.15.17)
      parslet
      pubid-core (= 1.15.17)
    pubid-nist (1.15.17)
      lightly
      nokogiri
      parslet
      pubid-core (= 1.15.17)
      rubyzip
      thor
    pubid-plateau (1.15.17)
      parslet
      pubid-core (= 1.15.17)
    public_suffix (4.0.6)
    racc (1.8.1)
    rack (3.2.6)
    rainbow (3.1.1)
    rake (13.0.6)
    rchardet (1.8.0)
    rdf (3.3.4)
      bcp47_spec (~> 0.2)
      bigdecimal (~> 3.1, >= 3.1.5)
      link_header (~> 0.0, >= 0.0.8)
      logger (~> 1.5)
      ostruct (~> 0.6)
      readline (~> 0.0)
    rdf-aggregate-repo (3.3.0)
      rdf (~> 3.3)
    rdf-hamster-repo (3.3.0)
      hamster (~> 3.0)
      rdf (~> 3.3)
    rdf-isomorphic (3.3.0)
      rdf (~> 3.3)
    rdf-json (3.3.0)
      rdf (~> 3.3)
    rdf-microdata (3.3.0)
      htmlentities (~> 4.3)
      nokogiri (~> 1.15, >= 1.15.4)
      rdf (~> 3.3)
      rdf-rdfa (~> 3.3)
      rdf-xsd (~> 3.3)
    rdf-n3 (3.3.1)
      ebnf (~> 2.5)
      rdf (~> 3.3)
      sparql (~> 3.3)
      sxp (~> 2.0)
    rdf-normalize (0.7.0)
      rdf (~> 3.3)
    rdf-ordered-repo (3.3.0)
      rdf (~> 3.3)
    rdf-rdfa (3.3.0)
      haml (~> 6.1)
      htmlentities (~> 4.3)
      rdf (~> 3.3)
      rdf-aggregate-repo (~> 3.3)
      rdf-vocab (~> 3.3)
      rdf-xsd (~> 3.3)
    rdf-rdfxml (3.3.0)
      builder (~> 3.2, >= 3.2.4)
      htmlentities (~> 4.3)
      rdf (~> 3.3)
      rdf-xsd (~> 3.3)
    rdf-reasoner (0.9.0)
      rdf (~> 3.3)
      rdf-xsd (~> 3.3)
    rdf-tabular (3.3.0)
      addressable (~> 2.8)
      bcp47_spec (~> 0.2)
      json-ld (~> 3.3)
      rdf (~> 3.3)
      rdf-vocab (~> 3.3)
      rdf-xsd (~> 3.3)
    rdf-trig (3.3.0)
      ebnf (~> 2.4)
      rdf (~> 3.3)
      rdf-turtle (~> 3.3)
    rdf-trix (3.3.0)
      rdf (~> 3.3)
      rdf-xsd (~> 3.3)
    rdf-turtle (3.3.1)
      base64 (~> 0.2)
      bigdecimal (~> 3.1, >= 3.1.5)
      ebnf (~> 2.5)
      rdf (~> 3.3)
    rdf-vocab (3.3.3)
      rdf (~> 3.3)
    rdf-xsd (3.3.0)
      rdf (~> 3.3)
      rexml (~> 3.2)
    readline (0.0.4)
      reline
    relaton (2.1.0)
      relaton-3gpp (~> 2.1.0)
      relaton-bipm (~> 2.1.0)
      relaton-bsi (~> 2.1.0)
      relaton-calconnect (~> 2.1.0)
      relaton-ccsds (~> 2.1.0)
      relaton-cen (~> 2.1.0)
      relaton-cie (~> 2.1.0)
      relaton-doi (~> 2.1.0)
      relaton-ecma (~> 2.1.0)
      relaton-etsi (~> 2.1.0)
      relaton-gb (~> 2.1.0)
      relaton-iana (~> 2.1.0)
      relaton-iec (~> 2.1.0)
      relaton-ieee (~> 2.1.0)
      relaton-ietf (~> 2.1.0)
      relaton-iho (~> 2.1.0)
      relaton-isbn (~> 2.1.0)
      relaton-iso (~> 2.1.0)
      relaton-itu (~> 2.1.0)
      relaton-jis (~> 2.1.0)
      relaton-nist (~> 2.1.0)
      relaton-oasis (~> 2.1.0)
      relaton-ogc (~> 2.1.0)
      relaton-omg (~> 2.1.0)
      relaton-plateau (~> 2.1.0)
      relaton-un (~> 2.1.0)
      relaton-w3c (~> 2.1.0)
      relaton-xsf (~> 2.1.0)
    relaton-3gpp (2.1.1)
      csv
      net-ftp (~> 0.1.0)
      relaton-bib (~> 2.1.0)
      relaton-core (~> 0.0.12)
      relaton-index (~> 0.2.0)
    relaton-bib (2.1.2)
      bibtex-ruby
      iso639
      isoics (~> 0.1.0)
      lutaml-model (~> 0.8.0)
      nokogiri (>= 1.16)
      psych (~> 5.2.0)
      relaton-core (~> 0.0.8)
      relaton-logger (~> 0.2.0)
      rfcxml (~> 0.4.3)
    relaton-bipm (2.1.2)
      faraday (~> 2.7.0)
      mechanize (~> 2.10)
      parslet (~> 2.0.0)
      relaton-bib (~> 2.1.0)
      relaton-core (~> 0.0.12)
      relaton-index (~> 0.2.2)
      rubyzip (~> 2.3.0)
    relaton-bsi (2.1.0)
      algolia (~> 2.3.0)
      faraday-net_http_persistent (~> 2.0)
      graphql (~> 2.3)
      graphql-client (~> 0.23)
      relaton-core (~> 0.0.9)
      relaton-iso (~> 2.1.0)
    relaton-calconnect (2.1.1)
      addressable (~> 2.8)
      faraday (~> 2.7.0)
      relaton-bib (~> 2.1.0)
      relaton-core (~> 0.0.12)
      relaton-index (~> 0.2.0)
    relaton-ccsds (2.1.1)
      csv (~> 3.3)
      mechanize (~> 2.10)
      openssl (~> 3.3.2)
      pubid-ccsds (~> 1.15.2)
      relaton-bib (~> 2.1.0)
      relaton-core (~> 0.0.9)
      relaton-index (~> 0.2.16)
    relaton-cen (2.1.0)
      isoics (~> 0.1)
      mechanize (~> 2.10)
      relaton-bib (~> 2.1.0)
      relaton-core (~> 0.0.9)
    relaton-cie (2.1.1)
      mechanize (~> 2.10)
      parslet (~> 2.0.0)
      relaton-bib (~> 2.1.0)
      relaton-core (~> 0.0.12)
      relaton-index (~> 0.2.0)
    relaton-cli (1.9.2)
      liquid (~> 4)
      relaton (>= 1.9.1)
      thor
      thor-hollaback
    relaton-core (0.0.13)
      nokogiri (>= 1.16)
      psych (~> 5.2.0)
      relaton-logger (~> 0.2.0)
    relaton-doi (2.1.1)
      mechanize (~> 2.0)
      relaton-bipm (~> 2.1.0)
      relaton-ieee (~> 2.1.0)
      relaton-ietf (~> 2.1.0)
      relaton-nist (~> 2.1.0)
    relaton-ecma (2.1.1)
      mechanize (~> 2.10)
      relaton-bib (~> 2.1.0)
      relaton-core (~> 0.0.12)
      relaton-index (~> 0.2.4)
    relaton-etsi (2.1.1)
      mechanize (~> 2.8)
      relaton-bib (~> 2.1.0)
      relaton-core (~> 0.0.13)
      relaton-index (~> 0.2.7)
    relaton-gb (2.1.0)
      cnccs (~> 0.1.1)
      csv (~> 3.0)
      gb-agencies (~> 0.0.1)
      mechanize (~> 2.10)
      relaton-core (~> 0.0.13)
      relaton-iso (~> 2.1.0)
    relaton-iana (2.1.1)
      faraday (~> 2.7.0)
      relaton-bib (~> 2.1.0)
      relaton-core (~> 0.0.13)
      relaton-index (~> 0.2.0)
    relaton-iec (2.1.1)
      addressable
      base64
      pubid-iec (~> 1.15.11)
      relaton-core (~> 0.0.13)
      relaton-index (~> 0.2.20)
      relaton-iso (~> 2.1.0)
      rubyzip
    relaton-ieee (2.1.2)
      faraday (~> 2.7.0)
      ieee-idams (~> 0.3.0)
      mini_portile2 (~> 2.8.0)
      relaton-bib (~> 2.1.0)
      relaton-core (~> 0.0.13)
      relaton-index (~> 0.2.0)
      rubyzip (~> 2.3.0)
    relaton-ietf (2.1.2)
      base64
      parallel (~> 1.26)
      relaton-bib (~> 2.1.0)
      relaton-core (~> 0.0.13)
      relaton-index (~> 0.2.3)
    relaton-iev (1.1.6)
      htmlentities (~> 4.3.4)
      nokogiri (>= 1.14.0)
      relaton (>= 1.6)
    relaton-iho (2.1.1)
      base64
      pubid-iho (~> 1.15.16)
      relaton-bib (~> 2.1.0)
      relaton-core (~> 0.0.13)
      relaton-index (~> 0.2.0)
    relaton-index (0.2.21)
      openssl (~> 3.3.2)
      pubid-core (~> 1.15.6)
      relaton-logger (~> 0.2.0)
      rubyzip (~> 2.3.0)
    relaton-isbn (2.1.0)
      isoics (~> 0.1.0)
      relaton-bib (~> 2.1.0)
      relaton-core (~> 0.0.13)
    relaton-iso (2.1.1)
      isoics (~> 0.1.6)
      openssl (~> 3.3.2)
      pubid-iso (~> 1.15.8)
      relaton-bib (~> 2.1.0)
      relaton-core (~> 0.0.12)
      relaton-index (~> 0.2.12)
    relaton-itu (2.1.1)
      mechanize (~> 2.10)
      parslet (~> 2.0.0)
      relaton-bib (~> 2.1.0)
      relaton-core (~> 0.0.13)
      relaton-index (~> 0.2.0)
    relaton-jis (2.1.1)
      mechanize (~> 2.10)
      relaton-core (~> 0.0.13)
      relaton-index (~> 0.2.0)
      relaton-iso (~> 2.1.0)
    relaton-logger (0.2.4)
      logger (~> 1.6)
    relaton-nist (2.1.1)
      base64
      loc_mods (~> 0.3.0)
      mechanize (~> 2.0)
      pubid (~> 1.15.6)
      relaton-bib (~> 2.1.0)
      relaton-core (~> 0.0.13)
      relaton-index (~> 0.2.0)
      rubyzip
    relaton-oasis (2.1.1)
      mechanize (~> 2.10)
      multi_json (~> 1.15.0)
      relaton-bib (~> 2.1.0)
      relaton-core (~> 0.0.13)
      relaton-index (~> 0.2.0)
    relaton-ogc (2.1.1)
      faraday (~> 2.7)
      relaton-core (~> 0.0.13)
      relaton-index (~> 0.2.0)
      relaton-iso (~> 2.1.0)
    relaton-omg (2.1.0)
      base64
      mechanize (~> 2.8)
      relaton-bib (~> 2.1.0)
      relaton-core (~> 0.0.13)
    relaton-plateau (2.1.1)
      base64
      relaton-core (~> 0.0.13)
      relaton-index (~> 0.2.12)
      relaton-iso (~> 2.1.0)
      relaton-logger (~> 0.2.0)
    relaton-render (0.5.0)
      isodoc-i18n
      liquid (~> 4)
      nokogiri
      relaton-bib (>= 1.13.0)
      twitter_cldr
      tzinfo-data
    relaton-un (2.1.0)
      addressable (~> 2.8)
      faraday (~> 2.7)
      relaton-bib (~> 2.1.0)
      relaton-core (~> 0.0.13)
      wasmtime (~> 41.0)
    relaton-w3c (2.1.1)
      csv (~> 3.0)
      linkeddata (~> 3.2)
      mechanize (~> 2.10)
      rdf (~> 3.2)
      rdf-normalize (~> 0.6)
      relaton-bib (~> 2.1.0)
      relaton-core (~> 0.0.13)
      relaton-index (~> 0.2.8)
      rubyzip (~> 2.3)
      shex (~> 0.7)
      sparql (~> 3.2)
      w3c_api (~> 0.1.3)
    relaton-xsf (2.1.1)
      mechanize (~> 2.10)
      relaton-bib (~> 2.1.0)
      relaton-core (~> 0.0.13)
      relaton-index (~> 0.2.0)
    reline (0.6.3)
      io-console (~> 0.5)
    reverse_adoc (0.3.3)
      marcel (~> 1.0.0)
      mathml2asciimath
      nokogiri (~> 1.11)
      premailer (~> 1.11.0)
      word-to-markdown
    reverse_markdown (1.4.0)
      nokogiri
    rexml (3.2.5)
    rfcxml (0.4.4)
      lutaml-model (~> 0.8.0)
      nokogiri
    rice (3.0.0)
    roman-numerals (0.3.0)
    rsec (1.0.0)
    ruby-graphviz (1.2.5)
      rexml
    ruby-jing (0.0.1)
      optout (>= 0.0.2)
    ruby-ole (1.2.12.2)
    ruby2_keywords (0.0.5)
    rubyntlm (0.6.3)
    rubyzip (2.3.2)
    scanf (1.0.0)
    seven-zip (1.4.2)
    shacl (0.4.3)
      json-ld (~> 3.3)
      rdf (~> 3.3)
      sparql (~> 3.3)
      sxp (~> 2.0)
    shex (0.8.1)
      ebnf (~> 2.5)
      htmlentities (~> 4.3)
      json-ld (~> 3.3)
      json-ld-preloaded (~> 3.3)
      rdf (~> 3.3)
      rdf-xsd (~> 3.3)
      sparql (~> 3.3)
      sxp (~> 2.0)
    socksify (1.7.1)
    sparql (3.3.2)
      builder (~> 3.2, >= 3.2.4)
      ebnf (~> 2.5)
      logger (~> 1.5)
      rdf (~> 3.3)
      rdf-aggregate-repo (~> 3.3)
      rdf-xsd (~> 3.3)
      readline (~> 0.0)
      sparql-client (~> 3.3)
      sxp (~> 2.0)
    sparql-client (3.3.0)
      net-http-persistent (~> 4.0, >= 4.0.2)
      rdf (~> 3.3)
    sterile (1.0.23)
      nokogiri (>= 1.11.7)
    stringio (3.2.0)
    sxp (2.0.0)
      matrix (~> 0.4)
      rdf (~> 3.3)
    sys-proctable (1.2.6)
      ffi
    sys-uname (1.5.1)
      ffi (~> 1.1)
      memoist3 (~> 1.0.0)
    table_tennis (0.0.7)
      csv (~> 3.3)
      ffi (~> 1.17)
      memo_wise (~> 1.11)
      paint (~> 2.3)
      unicode-display_width (~> 3.1)
    temple (0.10.4)
    thor (1.0.1)
    thor-hollaback (0.2.0)
      hollaback (~> 0.1.0)
      thor (>= 0.19.1)
    thread_safe (0.3.6)
    tilt (2.7.0)
    time (0.4.2)
      date
    timeout (0.6.1)
    tokenizer (0.3.0)
    ttfunk (1.7.0)
    twitter_cldr (6.7.0)
      camertron-eprun
      cldr-plurals-runtime-rb (~> 1.1)
      tzinfo
    tzinfo (2.0.4)
      concurrent-ruby (~> 1.0)
    tzinfo-data (1.2021.1)
      tzinfo (>= 1.0.0)
    unf (0.1.4)
      unf_ext
    unf_ext (0.0.8)
    unicode-display_width (3.2.0)
      unicode-emoji (~> 4.1)
    unicode-emoji (4.2.0)
    unicode-name (1.14.0)
      unicode-types (~> 1.11)
    unicode-types (1.11.0)
    unicode2latex (0.0.5)
    uuidtools (2.2.0)
    w3c_api (0.1.7)
      faraday
      faraday-follow_redirects
      lutaml-hal (~> 0.1.10)
      rainbow
      thor
    wasmtime (41.0.1-x86_64-darwin)
    wasmtime (41.0.1-x86_64-linux)
    webrick (1.7.0)
    webrobots (0.1.2)
    word-to-markdown (1.1.8)
      cliver (~> 0.3)
      descriptive_statistics (~> 2.5)
      nokogiri-styles (~> 0.1)
      premailer (~> 1.8)
      reverse_markdown (~> 1.0)
      sys-proctable (~> 1.0)
    yaml-ld (0.0.3)
      json-ld (~> 3.3)
      psych (>= 3.3)
      rdf (~> 3.3)
      rdf-xsd (~> 3.3)
    zeitwerk (2.4.2)

PLATFORMS
  x86_64-darwin-19
  x86_64-linux

DEPENDENCIES
  metanorma-cli

BUNDLED WITH
   2.2.25
